// !$*UTF8*$!
{
	archiveVersion = 1;
	classes = {
	};
	objectVersion = 50;
	objects = {

/* Begin PBXBuildFile section */
		BC7FEFC324FDEE36008C87B3 /* FinishGoalVC.swift in Sources */ = {isa = PBXBuildFile; fileRef = BC7FEFC224FDEE36008C87B3 /* FinishGoalVC.swift */; };
		BC8BDF2124FC7EA0002FD63B /* AppDelegate.swift in Sources */ = {isa = PBXBuildFile; fileRef = BC8BDF2024FC7EA0002FD63B /* AppDelegate.swift */; };
		BC8BDF2324FC7EA0002FD63B /* SceneDelegate.swift in Sources */ = {isa = PBXBuildFile; fileRef = BC8BDF2224FC7EA0002FD63B /* SceneDelegate.swift */; };
		BC8BDF2524FC7EA0002FD63B /* GoalsVC.swift in Sources */ = {isa = PBXBuildFile; fileRef = BC8BDF2424FC7EA0002FD63B /* GoalsVC.swift */; };
		BC8BDF2824FC7EA0002FD63B /* Main.storyboard in Resources */ = {isa = PBXBuildFile; fileRef = BC8BDF2624FC7EA0002FD63B /* Main.storyboard */; };
		BC8BDF2B24FC7EA0002FD63B /* goalpost.xcdatamodeld in Sources */ = {isa = PBXBuildFile; fileRef = BC8BDF2924FC7EA0002FD63B /* goalpost.xcdatamodeld */; };
		BC8BDF2D24FC7EA2002FD63B /* Assets.xcassets in Resources */ = {isa = PBXBuildFile; fileRef = BC8BDF2C24FC7EA2002FD63B /* Assets.xcassets */; };
		BC8BDF3024FC7EA2002FD63B /* LaunchScreen.storyboard in Resources */ = {isa = PBXBuildFile; fileRef = BC8BDF2E24FC7EA2002FD63B /* LaunchScreen.storyboard */; };
		BC8BDF3C24FC93B9002FD63B /* GoalCell.swift in Sources */ = {isa = PBXBuildFile; fileRef = BC8BDF3B24FC93B9002FD63B /* GoalCell.swift */; };
		BC8BDF3E24FCAA92002FD63B /* GoalType.swift in Sources */ = {isa = PBXBuildFile; fileRef = BC8BDF3D24FCAA92002FD63B /* GoalType.swift */; };
		BC8BDF4024FCB4E6002FD63B /* CreateGoalVC.swift in Sources */ = {isa = PBXBuildFile; fileRef = BC8BDF3F24FCB4E6002FD63B /* CreateGoalVC.swift */; };
		BC8BDF4224FCB74A002FD63B /* UIViewControllerExt.swift in Sources */ = {isa = PBXBuildFile; fileRef = BC8BDF4124FCB74A002FD63B /* UIViewControllerExt.swift */; };
		BC8BDF4424FCBF02002FD63B /* UIViewExt.swift in Sources */ = {isa = PBXBuildFile; fileRef = BC8BDF4324FCBF02002FD63B /* UIViewExt.swift */; };
		BC8BDF4624FCC3AD002FD63B /* UIButtonExt.swift in Sources */ = {isa = PBXBuildFile; fileRef = BC8BDF4524FCC3AD002FD63B /* UIButtonExt.swift */; };
/* End PBXBuildFile section */

/* Begin PBXFileReference section */
		BC7FEFC224FDEE36008C87B3 /* FinishGoalVC.swift */ = {isa = PBXFileReference; lastKnownFileType = sourcecode.swift; path = FinishGoalVC.swift; sourceTree = "<group>"; };
		BC8BDF1D24FC7EA0002FD63B /* goalpost.app */ = {isa = PBXFileReference; explicitFileType = wrapper.application; includeInIndex = 0; path = goalpost.app; sourceTree = BUILT_PRODUCTS_DIR; };
		BC8BDF2024FC7EA0002FD63B /* AppDelegate.swift */ = {isa = PBXFileReference; lastKnownFileType = sourcecode.swift; path = AppDelegate.swift; sourceTree = "<group>"; };
		BC8BDF2224FC7EA0002FD63B /* SceneDelegate.swift */ = {isa = PBXFileReference; lastKnownFileType = sourcecode.swift; path = SceneDelegate.swift; sourceTree = "<group>"; };
		BC8BDF2424FC7EA0002FD63B /* GoalsVC.swift */ = {isa = PBXFileReference; lastKnownFileType = sourcecode.swift; path = GoalsVC.swift; sourceTree = "<group>"; };
		BC8BDF2724FC7EA0002FD63B /* Base */ = {isa = PBXFileReference; lastKnownFileType = file.storyboard; name = Base; path = Base.lproj/Main.storyboard; sourceTree = "<group>"; };
		BC8BDF2A24FC7EA0002FD63B /* goalpost.xcdatamodel */ = {isa = PBXFileReference; lastKnownFileType = wrapper.xcdatamodel; path = goalpost.xcdatamodel; sourceTree = "<group>"; };
		BC8BDF2C24FC7EA2002FD63B /* Assets.xcassets */ = {isa = PBXFileReference; lastKnownFileType = folder.assetcatalog; path = Assets.xcassets; sourceTree = "<group>"; };
		BC8BDF2F24FC7EA2002FD63B /* Base */ = {isa = PBXFileReference; lastKnownFileType = file.storyboard; name = Base; path = Base.lproj/LaunchScreen.storyboard; sourceTree = "<group>"; };
		BC8BDF3124FC7EA2002FD63B /* Info.plist */ = {isa = PBXFileReference; lastKnownFileType = text.plist.xml; path = Info.plist; sourceTree = "<group>"; };
		BC8BDF3B24FC93B9002FD63B /* GoalCell.swift */ = {isa = PBXFileReference; lastKnownFileType = sourcecode.swift; path = GoalCell.swift; sourceTree = "<group>"; };
		BC8BDF3D24FCAA92002FD63B /* GoalType.swift */ = {isa = PBXFileReference; lastKnownFileType = sourcecode.swift; path = GoalType.swift; sourceTree = "<group>"; };
		BC8BDF3F24FCB4E6002FD63B /* CreateGoalVC.swift */ = {isa = PBXFileReference; lastKnownFileType = sourcecode.swift; path = CreateGoalVC.swift; sourceTree = "<group>"; };
		BC8BDF4124FCB74A002FD63B /* UIViewControllerExt.swift */ = {isa = PBXFileReference; lastKnownFileType = sourcecode.swift; path = UIViewControllerExt.swift; sourceTree = "<group>"; };
		BC8BDF4324FCBF02002FD63B /* UIViewExt.swift */ = {isa = PBXFileReference; lastKnownFileType = sourcecode.swift; path = UIViewExt.swift; sourceTree = "<group>"; };
		BC8BDF4524FCC3AD002FD63B /* UIButtonExt.swift */ = {isa = PBXFileReference; lastKnownFileType = sourcecode.swift; path = UIButtonExt.swift; sourceTree = "<group>"; };
/* End PBXFileReference section */

/* Begin PBXFrameworksBuildPhase section */
		BC8BDF1A24FC7EA0002FD63B /* Frameworks */ = {
			isa = PBXFrameworksBuildPhase;
			buildActionMask = 2147483647;
			files = (
			);
			runOnlyForDeploymentPostprocessing = 0;
		};
/* End PBXFrameworksBuildPhase section */

/* Begin PBXGroup section */
		BC8BDF1424FC7EA0002FD63B = {
			isa = PBXGroup;
			children = (
				BC8BDF1F24FC7EA0002FD63B /* goalpost */,
				BC8BDF1E24FC7EA0002FD63B /* Products */,
			);
			sourceTree = "<group>";
		};
		BC8BDF1E24FC7EA0002FD63B /* Products */ = {
			isa = PBXGroup;
			children = (
				BC8BDF1D24FC7EA0002FD63B /* goalpost.app */,
			);
			name = Products;
			sourceTree = "<group>";
		};
		BC8BDF1F24FC7EA0002FD63B /* goalpost */ = {
			isa = PBXGroup;
			children = (
				BC8BDF3A24FC7F12002FD63B /* Extensions */,
				BC8BDF3924FC7F09002FD63B /* Enums */,
				BC8BDF3824FC7EEB002FD63B /* View */,
				BC8BDF3724FC7ED8002FD63B /* Controller */,
				BC8BDF2024FC7EA0002FD63B /* AppDelegate.swift */,
				BC8BDF2224FC7EA0002FD63B /* SceneDelegate.swift */,
				BC8BDF2624FC7EA0002FD63B /* Main.storyboard */,
				BC8BDF2C24FC7EA2002FD63B /* Assets.xcassets */,
				BC8BDF2E24FC7EA2002FD63B /* LaunchScreen.storyboard */,
				BC8BDF3124FC7EA2002FD63B /* Info.plist */,
				BC8BDF2924FC7EA0002FD63B /* goalpost.xcdatamodeld */,
			);
			path = goalpost;
			sourceTree = "<group>";
		};
		BC8BDF3724FC7ED8002FD63B /* Controller */ = {
			isa = PBXGroup;
			children = (
				BC8BDF2424FC7EA0002FD63B /* GoalsVC.swift */,
				BC8BDF3F24FCB4E6002FD63B /* CreateGoalVC.swift */,
				BC7FEFC224FDEE36008C87B3 /* FinishGoalVC.swift */,
			);
			path = Controller;
			sourceTree = "<group>";
		};
		BC8BDF3824FC7EEB002FD63B /* View */ = {
			isa = PBXGroup;
			children = (
				BC8BDF3B24FC93B9002FD63B /* GoalCell.swift */,
			);
			path = View;
			sourceTree = "<group>";
		};
		BC8BDF3924FC7F09002FD63B /* Enums */ = {
			isa = PBXGroup;
			children = (
				BC8BDF3D24FCAA92002FD63B /* GoalType.swift */,
			);
			path = Enums;
			sourceTree = "<group>";
		};
		BC8BDF3A24FC7F12002FD63B /* Extensions */ = {
			isa = PBXGroup;
			children = (
				BC8BDF4124FCB74A002FD63B /* UIViewControllerExt.swift */,
				BC8BDF4324FCBF02002FD63B /* UIViewExt.swift */,
				BC8BDF4524FCC3AD002FD63B /* UIButtonExt.swift */,
			);
			path = Extensions;
			sourceTree = "<group>";
		};
/* End PBXGroup section */

/* Begin PBXNativeTarget section */
		BC8BDF1C24FC7EA0002FD63B /* goalpost */ = {
			isa = PBXNativeTarget;
			buildConfigurationList = BC8BDF3424FC7EA2002FD63B /* Build configuration list for PBXNativeTarget "goalpost" */;
			buildPhases = (
				BC8BDF1924FC7EA0002FD63B /* Sources */,
				BC8BDF1A24FC7EA0002FD63B /* Frameworks */,
				BC8BDF1B24FC7EA0002FD63B /* Resources */,
			);
			buildRules = (
			);
			dependencies = (
			);
			name = goalpost;
			productName = goalpost;
			productReference = BC8BDF1D24FC7EA0002FD63B /* goalpost.app */;
			productType = "com.apple.product-type.application";
		};
/* End PBXNativeTarget section */

/* Begin PBXProject section */
		BC8BDF1524FC7EA0002FD63B /* Project object */ = {
			isa = PBXProject;
			attributes = {
				LastSwiftUpdateCheck = 1160;
				LastUpgradeCheck = 1160;
				ORGANIZATIONNAME = Penny;
				TargetAttributes = {
					BC8BDF1C24FC7EA0002FD63B = {
						CreatedOnToolsVersion = 11.6;
					};
				};
			};
			buildConfigurationList = BC8BDF1824FC7EA0002FD63B /* Build configuration list for PBXProject "goalpost" */;
			compatibilityVersion = "Xcode 9.3";
			developmentRegion = en;
			hasScannedForEncodings = 0;
			knownRegions = (
				en,
				Base,
			);
			mainGroup = BC8BDF1424FC7EA0002FD63B;
			productRefGroup = BC8BDF1E24FC7EA0002FD63B /* Products */;
			projectDirPath = "";
			projectRoot = "";
			targets = (
				BC8BDF1C24FC7EA0002FD63B /* goalpost */,
			);
		};
/* End PBXProject section */

/* Begin PBXResourcesBuildPhase section */
		BC8BDF1B24FC7EA0002FD63B /* Resources */ = {
			isa = PBXResourcesBuildPhase;
			buildActionMask = 2147483647;
			files = (
				BC8BDF3024FC7EA2002FD63B /* LaunchScreen.storyboard in Resources */,
				BC8BDF2D24FC7EA2002FD63B /* Assets.xcassets in Resources */,
				BC8BDF2824FC7EA0002FD63B /* Main.storyboard in Resources */,
			);
			runOnlyForDeploymentPostprocessing = 0;
		};
/* End PBXResourcesBuildPhase section */

/* Begin PBXSourcesBuildPhase section */
		BC8BDF1924FC7EA0002FD63B /* Sources */ = {
			isa = PBXSourcesBuildPhase;
			buildActionMask = 2147483647;
			files = (
				BC8BDF4424FCBF02002FD63B /* UIViewExt.swift in Sources */,
				BC8BDF4624FCC3AD002FD63B /* UIButtonExt.swift in Sources */,
				BC8BDF2524FC7EA0002FD63B /* GoalsVC.swift in Sources */,
				BC8BDF2124FC7EA0002FD63B /* AppDelegate.swift in Sources */,
				BC8BDF4224FCB74A002FD63B /* UIViewControllerExt.swift in Sources */,
				BC7FEFC324FDEE36008C87B3 /* FinishGoalVC.swift in Sources */,
				BC8BDF3E24FCAA92002FD63B /* GoalType.swift in Sources */,
				BC8BDF2B24FC7EA0002FD63B /* goalpost.xcdatamodeld in Sources */,
				BC8BDF4024FCB4E6002FD63B /* CreateGoalVC.swift in Sources */,
				BC8BDF3C24FC93B9002FD63B /* GoalCell.swift in Sources */,
				BC8BDF2324FC7EA0002FD63B /* SceneDelegate.swift in Sources */,
			);
			runOnlyForDeploymentPostprocessing = 0;
		};
/* End PBXSourcesBuildPhase section */

/* Begin PBXVariantGroup section */
		BC8BDF2624FC7EA0002FD63B /* Main.storyboard */ = {
			isa = PBXVariantGroup;
			children = (
				BC8BDF2724FC7EA0002FD63B /* Base */,
			);
			name = Main.storyboard;
			sourceTree = "<group>";
		};
		BC8BDF2E24FC7EA2002FD63B /* LaunchScreen.storyboard */ = {
			isa = PBXVariantGroup;
			children = (
				BC8BDF2F24FC7EA2002FD63B /* Base */,
			);
			name = LaunchScreen.storyboard;
			sourceTree = "<group>";
		};
/* End PBXVariantGroup section */

/* Begin XCBuildConfiguration section */
		BC8BDF3224FC7EA2002FD63B /* Debug */ = {
			isa = XCBuildConfiguration;
			buildSettings = {
				ALWAYS_SEARCH_USER_PATHS = NO;
				CLANG_ANALYZER_NONNULL = YES;
				CLANG_ANALYZER_NUMBER_OBJECT_CONVERSION = YES_AGGRESSIVE;
				CLANG_CXX_LANGUAGE_STANDARD = "gnu++14";
				CLANG_CXX_LIBRARY = "libc++";
				CLANG_ENABLE_MODULES = YES;
				CLANG_ENABLE_OBJC_ARC = YES;
				CLANG_ENABLE_OBJC_WEAK = YES;
				CLANG_WARN_BLOCK_CAPTURE_AUTORELEASING = YES;
				CLANG_WARN_BOOL_CONVERSION = YES;
				CLANG_WARN_COMMA = YES;
				CLANG_WARN_CONSTANT_CONVERSION = YES;
				CLANG_WARN_DEPRECATED_OBJC_IMPLEMENTATIONS = YES;
				CLANG_WARN_DIRECT_OBJC_ISA_USAGE = YES_ERROR;
				CLANG_WARN_DOCUMENTATION_COMMENTS = YES;
				CLANG_WARN_EMPTY_BODY = YES;
				CLANG_WARN_ENUM_CONVERSION = YES;
				CLANG_WARN_INFINITE_RECURSION = YES;
				CLANG_WARN_INT_CONVERSION = YES;
				CLANG_WARN_NON_LITERAL_NULL_CONVERSION = YES;
				CLANG_WARN_OBJC_IMPLICIT_RETAIN_SELF = YES;
				CLANG_WARN_OBJC_LITERAL_CONVERSION = YES;
				CLANG_WARN_OBJC_ROOT_CLASS = YES_ERROR;
				CLANG_WARN_RANGE_LOOP_ANALYSIS = YES;
				CLANG_WARN_STRICT_PROTOTYPES = YES;
				CLANG_WARN_SUSPICIOUS_MOVE = YES;
				CLANG_WARN_UNGUARDED_AVAILABILITY = YES_AGGRESSIVE;
				CLANG_WARN_UNREACHABLE_CODE = YES;
				CLANG_WARN__DUPLICATE_METHOD_MATCH = YES;
				COPY_PHASE_STRIP = NO;
				DEBUG_INFORMATION_FORMAT = dwarf;
				ENABLE_STRICT_OBJC_MSGSEND = YES;
				ENABLE_TESTABILITY = YES;
				GCC_C_LANGUAGE_STANDARD = gnu11;
				GCC_DYNAMIC_NO_PIC = NO;
				GCC_NO_COMMON_BLOCKS = YES;
				GCC_OPTIMIZATION_LEVEL = 0;
				GCC_PREPROCESSOR_DEFINITIONS = (
					"DEBUG=1",
					"$(inherited)",
				);
				GCC_WARN_64_TO_32_BIT_CONVERSION = YES;
				GCC_WARN_ABOUT_RETURN_TYPE = YES_ERROR;
				GCC_WARN_UNDECLARED_SELECTOR = YES;
				GCC_WARN_UNINITIALIZED_AUTOS = YES_AGGRESSIVE;
				GCC_WARN_UNUSED_FUNCTION = YES;
				GCC_WARN_UNUSED_VARIABLE = YES;
				IPHONEOS_DEPLOYMENT_TARGET = 13.6;
				MTL_ENABLE_DEBUG_INFO = INCLUDE_SOURCE;
				MTL_FAST_MATH = YES;
				ONLY_ACTIVE_ARCH = YES;
				SDKROOT = iphoneos;
				SWIFT_ACTIVE_COMPILATION_CONDITIONS = DEBUG;
				SWIFT_OPTIMIZATION_LEVEL = "-Onone";
			};
			name = Debug;
		};
		BC8BDF3324FC7EA2002FD63B /* Release */ = {
			isa = XCBuildConfiguration;
			buildSettings = {
				ALWAYS_SEARCH_USER_PATHS = NO;
				CLANG_ANALYZER_NONNULL = YES;
				CLANG_ANALYZER_NUMBER_OBJECT_CONVERSION = YES_AGGRESSIVE;
				CLANG_CXX_LANGUAGE_STANDARD = "gnu++14";
				CLANG_CXX_LIBRARY = "libc++";
				CLANG_ENABLE_MODULES = YES;
				CLANG_ENABLE_OBJC_ARC = YES;
				CLANG_ENABLE_OBJC_WEAK = YES;
				CLANG_WARN_BLOCK_CAPTURE_AUTORELEASING = YES;
				CLANG_WARN_BOOL_CONVERSION = YES;
				CLANG_WARN_COMMA = YES;
				CLANG_WARN_CONSTANT_CONVERSION = YES;
				CLANG_WARN_DEPRECATED_OBJC_IMPLEMENTATIONS = YES;
				CLANG_WARN_DIRECT_OBJC_ISA_USAGE = YES_ERROR;
				CLANG_WARN_DOCUMENTATION_COMMENTS = YES;
				CLANG_WARN_EMPTY_BODY = YES;
				CLANG_WARN_ENUM_CONVERSION = YES;
				CLANG_WARN_INFINITE_RECURSION = YES;
				CLANG_WARN_INT_CONVERSION = YES;
				CLANG_WARN_NON_LITERAL_NULL_CONVERSION = YES;
				CLANG_WARN_OBJC_IMPLICIT_RETAIN_SELF = YES;
				CLANG_WARN_OBJC_LITERAL_CONVERSION = YES;
				CLANG_WARN_OBJC_ROOT_CLASS = YES_ERROR;
				CLANG_WARN_RANGE_LOOP_ANALYSIS = YES;
				CLANG_WARN_STRICT_PROTOTYPES = YES;
				CLANG_WARN_SUSPICIOUS_MOVE = YES;
				CLANG_WARN_UNGUARDED_AVAILABILITY = YES_AGGRESSIVE;
				CLANG_WARN_UNREACHABLE_CODE = YES;
				CLANG_WARN__DUPLICATE_METHOD_MATCH = YES;
				COPY_PHASE_STRIP = NO;
				DEBUG_INFORMATION_FORMAT = "dwarf-with-dsym";
				ENABLE_NS_ASSERTIONS = NO;
				ENABLE_STRICT_OBJC_MSGSEND = YES;
				GCC_C_LANGUAGE_STANDARD = gnu11;
				GCC_NO_COMMON_BLOCKS = YES;
				GCC_WARN_64_TO_32_BIT_CONVERSION = YES;
				GCC_WARN_ABOUT_RETURN_TYPE = YES_ERROR;
				GCC_WARN_UNDECLARED_SELECTOR = YES;
				GCC_WARN_UNINITIALIZED_AUTOS = YES_AGGRESSIVE;
				GCC_WARN_UNUSED_FUNCTION = YES;
				GCC_WARN_UNUSED_VARIABLE = YES;
				IPHONEOS_DEPLOYMENT_TARGET = 13.6;
				MTL_ENABLE_DEBUG_INFO = NO;
				MTL_FAST_MATH = YES;
				SDKROOT = iphoneos;
				SWIFT_COMPILATION_MODE = wholemodule;
				SWIFT_OPTIMIZATION_LEVEL = "-O";
				VALIDATE_PRODUCT = YES;
			};
			name = Release;
		};
		BC8BDF3524FC7EA2002FD63B /* Debug */ = {
			isa = XCBuildConfiguration;
			buildSettings = {
				ASSETCATALOG_COMPILER_APPICON_NAME = AppIcon;
				CODE_SIGN_STYLE = Automatic;
				DEVELOPMENT_TEAM = 7434A825VP;
				INFOPLIST_FILE = goalpost/Info.plist;
				LD_RUNPATH_SEARCH_PATHS = (
					"$(inherited)",
					"@executable_path/Frameworks",
				);
				PRODUCT_BUNDLE_IDENTIFIER = PJH.goalpost;
				PRODUCT_NAME = "$(TARGET_NAME)";
				SWIFT_VERSION = 5.0;
				TARGETED_DEVICE_FAMILY = "1,2";
			};
			name = Debug;
		};
		BC8BDF3624FC7EA2002FD63B /* Release */ = {
			isa = XCBuildConfiguration;
			buildSettings = {
				ASSETCATALOG_COMPILER_APPICON_NAME = AppIcon;
				CODE_SIGN_STYLE = Automatic;
				DEVELOPMENT_TEAM = 7434A825VP;
				INFOPLIST_FILE = goalpost/Info.plist;
				LD_RUNPATH_SEARCH_PATHS = (
					"$(inherited)",
					"@executable_path/Frameworks",
				);
				PRODUCT_BUNDLE_IDENTIFIER = PJH.goalpost;
				PRODUCT_NAME = "$(TARGET_NAME)";
				SWIFT_VERSION = 5.0;
				TARGETED_DEVICE_FAMILY = "1,2";
			};
			name = Release;
		};
/* End XCBuildConfiguration section */

/* Begin XCConfigurationList section */
		BC8BDF1824FC7EA0002FD63B /* Build configuration list for PBXProject "goalpost" */ = {
			isa = XCConfigurationList;
			buildConfigurations = (
				BC8BDF3224FC7EA2002FD63B /* Debug */,
				BC8BDF3324FC7EA2002FD63B /* Release */,
			);
			defaultConfigurationIsVisible = 0;
			defaultConfigurationName = Release;
		};
		BC8BDF3424FC7EA2002FD63B /* Build configuration list for PBXNativeTarget "goalpost" */ = {
			isa = XCConfigurationList;
			buildConfigurations = (
				BC8BDF3524FC7EA2002FD63B /* Debug */,
				BC8BDF3624FC7EA2002FD63B /* Release */,
			);
			defaultConfigurationIsVisible = 0;
			defaultConfigurationName = Release;
		};
/* End XCConfigurationList section */

/* Begin XCVersionGroup section */
		BC8BDF2924FC7EA0002FD63B /* goalpost.xcdatamodeld */ = {
			isa = XCVersionGroup;
			children = (
				BC8BDF2A24FC7EA0002FD63B /* goalpost.xcdatamodel */,
			);
			currentVersion = BC8BDF2A24FC7EA0002FD63B /* goalpost.xcdatamodel */;
			path = goalpost.xcdatamodeld;
			sourceTree = "<group>";
			versionGroupType = wrapper.xcdatamodel;
		};
/* End XCVersionGroup section */
	};
	rootObject = BC8BDF1524FC7EA0002FD63B /* Project object */;
}
